
Microsoft Visual Studio Solution File, Format Version 12.00
# Visual Studio Version 16
VisualStudioVersion = 16.0.31112.23
MinimumVisualStudioVersion = 10.0.40219.1
Project("{FAE04EC0-301F-11D3-BF4B-00C04F79EFBC}") = "Ejercicios03Programacion01ArrayFunciones.Con", "Ejercicios03Programacion01ArrayFunciones.Con\Ejercicios03Programacion01ArrayFunciones.Con.csproj", "{DD4413F5-B4C4-44AD-9CED-B3E72DF212FA}"
EndProject
Global
	GlobalSection(SolutionConfigurationPlatforms) = preSolution
		Debug|Any CPU = Debug|Any CPU
		Release|Any CPU = Release|Any CPU
	EndGlobalSection
	GlobalSection(ProjectConfigurationPlatforms) = postSolution
		{DD4413F5-B4C4-44AD-9CED-B3E72DF212FA}.Debug|Any CPU.ActiveCfg = Debug|Any CPU
		{DD4413F5-B4C4-44AD-9CED-B3E72DF212FA}.Debug|Any CPU.Build.0 = Debug|Any CPU
		{DD4413F5-B4C4-44AD-9CED-B3E72DF212FA}.Release|Any CPU.ActiveCfg = Release|Any CPU
		{DD4413F5-B4C4-44AD-9CED-B3E72DF212FA}.Release|Any CPU.Build.0 = Release|Any CPU
	EndGlobalSection
	GlobalSection(SolutionProperties) = preSolution
		HideSolutionNode = FALSE
	EndGlobalSection
	GlobalSection(ExtensibilityGlobals) = postSolution
		SolutionGuid = {3CAECCDD-9C71-45FE-8346-38DFF92B2AB4}
	EndGlobalSection
EndGlobal
